
Microsoft Visual Studio Solution File, Format Version 12.00
# Visual Studio Version 17
VisualStudioVersion = 17.0.31903.59
MinimumVisualStudioVersion = 10.0.40219.1
Project("{2150E333-8FDC-42A3-9474-1A3956D46DE8}") = "src", "src", "{F80978F2-A8F8-4F51-9143-F6CFA8B501D8}"
EndProject
Project("{FAE04EC0-301F-11D3-BF4B-00C04F79EFBC}") = "CCMC.Domain", "src\CCMC.Domain\CCMC.Domain.csproj", "{2180400E-71FE-4CD2-857A-1CEC91D8D655}"
EndProject
Project("{FAE04EC0-301F-11D3-BF4B-00C04F79EFBC}") = "CCMC.Contracts", "src\CCMC.Contracts\CCMC.Contracts.csproj", "{F8792646-3B62-4711-9E5A-997548594146}"
EndProject
Project("{FAE04EC0-301F-11D3-BF4B-00C04F79EFBC}") = "CCMC.Application", "src\CCMC.Application\CCMC.Application.csproj", "{C0CB4EF1-847E-49E1-8EDC-E33AD03CFE61}"
EndProject
Project("{FAE04EC0-301F-11D3-BF4B-00C04F79EFBC}") = "CCMC.Infrastructure", "src\CCMC.Infrastructure\CCMC.Infrastructure.csproj", "{5AE6C505-AE08-4DF2-B2FE-B523E9F965DE}"
EndProject
Project("{FAE04EC0-301F-11D3-BF4B-00C04F79EFBC}") = "CCMC.Desktop", "src\CCMC.Desktop\CCMC.Desktop.csproj", "{7304D004-EEAA-4FF5-9FF2-06165303BC38}"
EndProject
Project("{2150E333-8FDC-42A3-9474-1A3956D46DE8}") = "tests", "tests", "{4F89652E-C93E-4809-99B4-38C61059F006}"
EndProject
Project("{FAE04EC0-301F-11D3-BF4B-00C04F79EFBC}") = "CCMC.Tests", "tests\CCMC.Tests\CCMC.Tests.csproj", "{B70159A9-0B8F-44C7-BAB9-6A703E8F53D3}"
EndProject
Project("{FAE04EC0-301F-11D3-BF4B-00C04F79EFBC}") = "CCMC.Cloud.Api", "src\CCMC.Cloud.Api\CCMC.Cloud.Api.csproj", "{BC97D86E-526A-44EB-890F-B15C5F1F890F}"
EndProject
Project("{FAE04EC0-301F-11D3-BF4B-00C04F79EFBC}") = "CCMC.Cloud.Domain", "src\CCMC.Cloud.Domain\CCMC.Cloud.Domain.csproj", "{68334BB3-F996-4B05-9C75-0BAF28D8EF49}"
EndProject
Project("{FAE04EC0-301F-11D3-BF4B-00C04F79EFBC}") = "CCMC.Cloud.Application", "src\CCMC.Cloud.Application\CCMC.Cloud.Application.csproj", "{C0AC309A-A8D2-4F78-9CE8-133F1F9B269C}"
EndProject
Project("{FAE04EC0-301F-11D3-BF4B-00C04F79EFBC}") = "CCMC.Cloud.Infrastructure", "src\CCMC.Cloud.Infrastructure\CCMC.Cloud.Infrastructure.csproj", "{DEBEB9C5-6F16-4A2F-8DEA-D20AEA13E36C}"
EndProject
Project("{FAE04EC0-301F-11D3-BF4B-00C04F79EFBC}") = "CCMC.Cloud.Api.Tests", "tests\CCMC.Cloud.Api.Tests\CCMC.Cloud.Api.Tests.csproj", "{04A8AA4E-3AB8-4943-BC25-4A34894CFE9D}"
EndProject
Global
	GlobalSection(SolutionConfigurationPlatforms) = preSolution
		Debug|Any CPU = Debug|Any CPU
		Release|Any CPU = Release|Any CPU
	EndGlobalSection
	GlobalSection(SolutionProperties) = preSolution
		HideSolutionNode = FALSE
	EndGlobalSection
	GlobalSection(ProjectConfigurationPlatforms) = postSolution
		{2180400E-71FE-4CD2-857A-1CEC91D8D655}.Debug|Any CPU.ActiveCfg = Debug|Any CPU
		{2180400E-71FE-4CD2-857A-1CEC91D8D655}.Debug|Any CPU.Build.0 = Debug|Any CPU
		{2180400E-71FE-4CD2-857A-1CEC91D8D655}.Release|Any CPU.ActiveCfg = Release|Any CPU
		{2180400E-71FE-4CD2-857A-1CEC91D8D655}.Release|Any CPU.Build.0 = Release|Any CPU
		{F8792646-3B62-4711-9E5A-997548594146}.Debug|Any CPU.ActiveCfg = Debug|Any CPU
		{F8792646-3B62-4711-9E5A-997548594146}.Debug|Any CPU.Build.0 = Debug|Any CPU
		{F8792646-3B62-4711-9E5A-997548594146}.Release|Any CPU.ActiveCfg = Release|Any CPU
		{F8792646-3B62-4711-9E5A-997548594146}.Release|Any CPU.Build.0 = Release|Any CPU
		{C0CB4EF1-847E-49E1-8EDC-E33AD03CFE61}.Debug|Any CPU.ActiveCfg = Debug|Any CPU
		{C0CB4EF1-847E-49E1-8EDC-E33AD03CFE61}.Debug|Any CPU.Build.0 = Debug|Any CPU
		{C0CB4EF1-847E-49E1-8EDC-E33AD03CFE61}.Release|Any CPU.ActiveCfg = Release|Any CPU
		{C0CB4EF1-847E-49E1-8EDC-E33AD03CFE61}.Release|Any CPU.Build.0 = Release|Any CPU
		{5AE6C505-AE08-4DF2-B2FE-B523E9F965DE}.Debug|Any CPU.ActiveCfg = Debug|Any CPU
		{5AE6C505-AE08-4DF2-B2FE-B523E9F965DE}.Debug|Any CPU.Build.0 = Debug|Any CPU
		{5AE6C505-AE08-4DF2-B2FE-B523E9F965DE}.Release|Any CPU.ActiveCfg = Release|Any CPU
		{5AE6C505-AE08-4DF2-B2FE-B523E9F965DE}.Release|Any CPU.Build.0 = Release|Any CPU
		{7304D004-EEAA-4FF5-9FF2-06165303BC38}.Debug|Any CPU.ActiveCfg = Debug|Any CPU
		{7304D004-EEAA-4FF5-9FF2-06165303BC38}.Debug|Any CPU.Build.0 = Debug|Any CPU
		{7304D004-EEAA-4FF5-9FF2-06165303BC38}.Release|Any CPU.ActiveCfg = Release|Any CPU
		{7304D004-EEAA-4FF5-9FF2-06165303BC38}.Release|Any CPU.Build.0 = Release|Any CPU
		{B70159A9-0B8F-44C7-BAB9-6A703E8F53D3}.Debug|Any CPU.ActiveCfg = Debug|Any CPU
		{B70159A9-0B8F-44C7-BAB9-6A703E8F53D3}.Debug|Any CPU.Build.0 = Debug|Any CPU
		{B70159A9-0B8F-44C7-BAB9-6A703E8F53D3}.Release|Any CPU.ActiveCfg = Release|Any CPU
		{B70159A9-0B8F-44C7-BAB9-6A703E8F53D3}.Release|Any CPU.Build.0 = Release|Any CPU
		{BC97D86E-526A-44EB-890F-B15C5F1F890F}.Debug|Any CPU.ActiveCfg = Debug|Any CPU
		{BC97D86E-526A-44EB-890F-B15C5F1F890F}.Debug|Any CPU.Build.0 = Debug|Any CPU
		{BC97D86E-526A-44EB-890F-B15C5F1F890F}.Release|Any CPU.ActiveCfg = Release|Any CPU
		{BC97D86E-526A-44EB-890F-B15C5F1F890F}.Release|Any CPU.Build.0 = Release|Any CPU
		{68334BB3-F996-4B05-9C75-0BAF28D8EF49}.Debug|Any CPU.ActiveCfg = Debug|Any CPU
		{68334BB3-F996-4B05-9C75-0BAF28D8EF49}.Debug|Any CPU.Build.0 = Debug|Any CPU
		{68334BB3-F996-4B05-9C75-0BAF28D8EF49}.Release|Any CPU.ActiveCfg = Release|Any CPU
		{68334BB3-F996-4B05-9C75-0BAF28D8EF49}.Release|Any CPU.Build.0 = Release|Any CPU
		{C0AC309A-A8D2-4F78-9CE8-133F1F9B269C}.Debug|Any CPU.ActiveCfg = Debug|Any CPU
		{C0AC309A-A8D2-4F78-9CE8-133F1F9B269C}.Debug|Any CPU.Build.0 = Debug|Any CPU
		{C0AC309A-A8D2-4F78-9CE8-133F1F9B269C}.Release|Any CPU.ActiveCfg = Release|Any CPU
		{C0AC309A-A8D2-4F78-9CE8-133F1F9B269C}.Release|Any CPU.Build.0 = Release|Any CPU
		{DEBEB9C5-6F16-4A2F-8DEA-D20AEA13E36C}.Debug|Any CPU.ActiveCfg = Debug|Any CPU
		{DEBEB9C5-6F16-4A2F-8DEA-D20AEA13E36C}.Debug|Any CPU.Build.0 = Debug|Any CPU
		{DEBEB9C5-6F16-4A2F-8DEA-D20AEA13E36C}.Release|Any CPU.ActiveCfg = Release|Any CPU
		{DEBEB9C5-6F16-4A2F-8DEA-D20AEA13E36C}.Release|Any CPU.Build.0 = Release|Any CPU
		{04A8AA4E-3AB8-4943-BC25-4A34894CFE9D}.Debug|Any CPU.ActiveCfg = Debug|Any CPU
		{04A8AA4E-3AB8-4943-BC25-4A34894CFE9D}.Debug|Any CPU.Build.0 = Debug|Any CPU
		{04A8AA4E-3AB8-4943-BC25-4A34894CFE9D}.Release|Any CPU.ActiveCfg = Release|Any CPU
		{04A8AA4E-3AB8-4943-BC25-4A34894CFE9D}.Release|Any CPU.Build.0 = Release|Any CPU
	EndGlobalSection
	GlobalSection(NestedProjects) = preSolution
		{2180400E-71FE-4CD2-857A-1CEC91D8D655} = {F80978F2-A8F8-4F51-9143-F6CFA8B501D8}
		{F8792646-3B62-4711-9E5A-997548594146} = {F80978F2-A8F8-4F51-9143-F6CFA8B501D8}
		{C0CB4EF1-847E-49E1-8EDC-E33AD03CFE61} = {F80978F2-A8F8-4F51-9143-F6CFA8B501D8}
		{5AE6C505-AE08-4DF2-B2FE-B523E9F965DE} = {F80978F2-A8F8-4F51-9143-F6CFA8B501D8}
		{7304D004-EEAA-4FF5-9FF2-06165303BC38} = {F80978F2-A8F8-4F51-9143-F6CFA8B501D8}
		{B70159A9-0B8F-44C7-BAB9-6A703E8F53D3} = {4F89652E-C93E-4809-99B4-38C61059F006}
		{BC97D86E-526A-44EB-890F-B15C5F1F890F} = {F80978F2-A8F8-4F51-9143-F6CFA8B501D8}
		{68334BB3-F996-4B05-9C75-0BAF28D8EF49} = {F80978F2-A8F8-4F51-9143-F6CFA8B501D8}
		{C0AC309A-A8D2-4F78-9CE8-133F1F9B269C} = {F80978F2-A8F8-4F51-9143-F6CFA8B501D8}
		{DEBEB9C5-6F16-4A2F-8DEA-D20AEA13E36C} = {F80978F2-A8F8-4F51-9143-F6CFA8B501D8}
		{04A8AA4E-3AB8-4943-BC25-4A34894CFE9D} = {4F89652E-C93E-4809-99B4-38C61059F006}
	EndGlobalSection
EndGlobal
